
Microsoft Visual Studio Solution File, Format Version 12.00
# Visual Studio 15
VisualStudioVersion = 15.0.27130.2010
MinimumVisualStudioVersion = 10.0.40219.1
Project("{FAE04EC0-301F-11D3-BF4B-00C04F79EFBC}") = "dwm-sscob", "dwm-sscob\dwm-sscob.csproj", "{53C1751F-289E-462D-8680-B8A766A3E13D}"
EndProject
Global
	GlobalSection(SolutionConfigurationPlatforms) = preSolution
		Debug|Any CPU = Debug|Any CPU
		Release|Any CPU = Release|Any CPU
	EndGlobalSection
	GlobalSection(ProjectConfigurationPlatforms) = postSolution
		{53C1751F-289E-462D-8680-B8A766A3E13D}.Debug|Any CPU.ActiveCfg = Debug|Any CPU
		{53C1751F-289E-462D-8680-B8A766A3E13D}.Debug|Any CPU.Build.0 = Debug|Any CPU
		{53C1751F-289E-462D-8680-B8A766A3E13D}.Release|Any CPU.ActiveCfg = Release|Any CPU
		{53C1751F-289E-462D-8680-B8A766A3E13D}.Release|Any CPU.Build.0 = Release|Any CPU
	EndGlobalSection
	GlobalSection(SolutionProperties) = preSolution
		HideSolutionNode = FALSE
	EndGlobalSection
	GlobalSection(ExtensibilityGlobals) = postSolution
		SolutionGuid = {24951F43-FA17-4637-BA9A-5D7159C3F41E}
	EndGlobalSection
EndGlobal
